
Microsoft Visual Studio Solution File, Format Version 12.00
# Visual Studio Version 17
VisualStudioVersion = 17.0.31903.59
MinimumVisualStudioVersion = 10.0.40219.1
Project("{2150E333-8FDC-42A3-9474-1A3956D46DE8}") = "src", "src", "{9CCBDAC6-C8A4-4CA6-BB6D-FB9D573394B3}"
EndProject
Project("{2150E333-8FDC-42A3-9474-1A3956D46DE8}") = "tests", "tests", "{A7A7D008-FB50-4720-8FDD-9138B9F584F1}"
EndProject
Project("{2150E333-8FDC-42A3-9474-1A3956D46DE8}") = "Core", "Core", "{8D99CEF0-814A-4C95-B065-340C10CE3CE9}"
EndProject
Project("{2150E333-8FDC-42A3-9474-1A3956D46DE8}") = "Infrastructure", "Infrastructure", "{1BE8DB73-8A05-41B6-B4F3-3F34BA017F02}"
EndProject
Project("{2150E333-8FDC-42A3-9474-1A3956D46DE8}") = "API", "API", "{B5A730B5-D5EF-46C9-A69A-CE67268B1082}"
EndProject
Project("{2150E333-8FDC-42A3-9474-1A3956D46DE8}") = "UI", "UI", "{2FD29E71-EF9D-43F5-8204-182010476D56}"
EndProject
Project("{9A19103F-16F7-4668-BE54-9A1E7A4F7556}") = "ExpenseTracker.Application", "ExpenseTracker.Application\ExpenseTracker.Application.csproj", "{256EEFE1-082C-4E90-BEB4-C1A03BFD4589}"
EndProject
Project("{9A19103F-16F7-4668-BE54-9A1E7A4F7556}") = "ExpenseTracker.Domain", "ExpenseTracker.Domain\ExpenseTracker.Domain.csproj", "{E69B23DA-A8C6-4682-ABC4-1478596D04BB}"
EndProject
Project("{9A19103F-16F7-4668-BE54-9A1E7A4F7556}") = "ExpenseTracker.Persistence", "ExpenseTracker.Persistence\ExpenseTracker.Persistence.csproj", "{6880A0EA-59E7-43C7-84F5-D775D1E9B336}"
EndProject
Project("{9A19103F-16F7-4668-BE54-9A1E7A4F7556}") = "ExpenseTracker.Identity", "ExpenseTracker.Identity\ExpenseTracker.Identity.csproj", "{C0EA907C-4C8B-40FE-869C-1B97F8E7231B}"
EndProject
Project("{9A19103F-16F7-4668-BE54-9A1E7A4F7556}") = "ExpenseTracker.Api", "ExpenseTracker.Api\ExpenseTracker.Api.csproj", "{2D9E65C6-B1E3-4398-A117-B4000070C667}"
EndProject
Global
	GlobalSection(SolutionConfigurationPlatforms) = preSolution
		Debug|Any CPU = Debug|Any CPU
		Release|Any CPU = Release|Any CPU
	EndGlobalSection
	GlobalSection(ProjectConfigurationPlatforms) = postSolution
		{256EEFE1-082C-4E90-BEB4-C1A03BFD4589}.Debug|Any CPU.ActiveCfg = Debug|Any CPU
		{256EEFE1-082C-4E90-BEB4-C1A03BFD4589}.Debug|Any CPU.Build.0 = Debug|Any CPU
		{256EEFE1-082C-4E90-BEB4-C1A03BFD4589}.Release|Any CPU.ActiveCfg = Release|Any CPU
		{256EEFE1-082C-4E90-BEB4-C1A03BFD4589}.Release|Any CPU.Build.0 = Release|Any CPU
		{E69B23DA-A8C6-4682-ABC4-1478596D04BB}.Debug|Any CPU.ActiveCfg = Debug|Any CPU
		{E69B23DA-A8C6-4682-ABC4-1478596D04BB}.Debug|Any CPU.Build.0 = Debug|Any CPU
		{E69B23DA-A8C6-4682-ABC4-1478596D04BB}.Release|Any CPU.ActiveCfg = Release|Any CPU
		{E69B23DA-A8C6-4682-ABC4-1478596D04BB}.Release|Any CPU.Build.0 = Release|Any CPU
		{6880A0EA-59E7-43C7-84F5-D775D1E9B336}.Debug|Any CPU.ActiveCfg = Debug|Any CPU
		{6880A0EA-59E7-43C7-84F5-D775D1E9B336}.Debug|Any CPU.Build.0 = Debug|Any CPU
		{6880A0EA-59E7-43C7-84F5-D775D1E9B336}.Release|Any CPU.ActiveCfg = Release|Any CPU
		{6880A0EA-59E7-43C7-84F5-D775D1E9B336}.Release|Any CPU.Build.0 = Release|Any CPU
		{C0EA907C-4C8B-40FE-869C-1B97F8E7231B}.Debug|Any CPU.ActiveCfg = Debug|Any CPU
		{C0EA907C-4C8B-40FE-869C-1B97F8E7231B}.Debug|Any CPU.Build.0 = Debug|Any CPU
		{C0EA907C-4C8B-40FE-869C-1B97F8E7231B}.Release|Any CPU.ActiveCfg = Release|Any CPU
		{C0EA907C-4C8B-40FE-869C-1B97F8E7231B}.Release|Any CPU.Build.0 = Release|Any CPU
		{2D9E65C6-B1E3-4398-A117-B4000070C667}.Debug|Any CPU.ActiveCfg = Debug|Any CPU
		{2D9E65C6-B1E3-4398-A117-B4000070C667}.Debug|Any CPU.Build.0 = Debug|Any CPU
		{2D9E65C6-B1E3-4398-A117-B4000070C667}.Release|Any CPU.ActiveCfg = Release|Any CPU
		{2D9E65C6-B1E3-4398-A117-B4000070C667}.Release|Any CPU.Build.0 = Release|Any CPU
	EndGlobalSection
	GlobalSection(SolutionProperties) = preSolution
		HideSolutionNode = FALSE
	EndGlobalSection
	GlobalSection(NestedProjects) = preSolution
		{8D99CEF0-814A-4C95-B065-340C10CE3CE9} = {9CCBDAC6-C8A4-4CA6-BB6D-FB9D573394B3}
		{1BE8DB73-8A05-41B6-B4F3-3F34BA017F02} = {9CCBDAC6-C8A4-4CA6-BB6D-FB9D573394B3}
		{B5A730B5-D5EF-46C9-A69A-CE67268B1082} = {9CCBDAC6-C8A4-4CA6-BB6D-FB9D573394B3}
		{2FD29E71-EF9D-43F5-8204-182010476D56} = {9CCBDAC6-C8A4-4CA6-BB6D-FB9D573394B3}
		{256EEFE1-082C-4E90-BEB4-C1A03BFD4589} = {8D99CEF0-814A-4C95-B065-340C10CE3CE9}
		{E69B23DA-A8C6-4682-ABC4-1478596D04BB} = {8D99CEF0-814A-4C95-B065-340C10CE3CE9}
		{6880A0EA-59E7-43C7-84F5-D775D1E9B336} = {1BE8DB73-8A05-41B6-B4F3-3F34BA017F02}
		{C0EA907C-4C8B-40FE-869C-1B97F8E7231B} = {1BE8DB73-8A05-41B6-B4F3-3F34BA017F02}
		{2D9E65C6-B1E3-4398-A117-B4000070C667} = {B5A730B5-D5EF-46C9-A69A-CE67268B1082}
	EndGlobalSection
	GlobalSection(ExtensibilityGlobals) = postSolution
		SolutionGuid = {A25886C0-96EB-46B2-ACEA-635FAF701ED9}
	EndGlobalSection
EndGlobal
