
Microsoft Visual Studio Solution File, Format Version 12.00
# Visual Studio Version 17
VisualStudioVersion = 17.0.31903.59
MinimumVisualStudioVersion = 10.0.40219.1
Project("{2150E333-8FDC-42A3-9474-1A3956D46DE8}") = "src", "src", "{1022BB24-B2AF-4C6F-866E-23CA6FC0F79B}"
EndProject
Project("{2150E333-8FDC-42A3-9474-1A3956D46DE8}") = "tests", "tests", "{2E509463-63B1-4C7F-9436-666C37450EAA}"
EndProject
Project("{2150E333-8FDC-42A3-9474-1A3956D46DE8}") = "WebUI", "WebUI", "{E3438DB7-9F79-4E96-8EE3-8E69704D7F46}"
EndProject
Project("{2150E333-8FDC-42A3-9474-1A3956D46DE8}") = "Infrastructure", "Infrastructure", "{29396868-4F75-4914-A693-4721AF3EC1C7}"
EndProject
Project("{2150E333-8FDC-42A3-9474-1A3956D46DE8}") = "Core", "Core", "{E6AE4CD4-7035-4D8C-A42C-BED236940A0C}"
EndProject
Project("{2150E333-8FDC-42A3-9474-1A3956D46DE8}") = "API", "API", "{2E3725A6-4A01-420F-B2B5-4BB621BA8259}"
EndProject
Project("{2150E333-8FDC-42A3-9474-1A3956D46DE8}") = "MVC", "MVC", "{E27AF338-CA0B-42E3-9270-BEE80A863A62}"
EndProject
Project("{2150E333-8FDC-42A3-9474-1A3956D46DE8}") = "ClientApp", "ClientApp", "{26BF2E10-1DEB-4E5E-BBE0-B9E01F32DEE6}"
EndProject
Project("{9A19103F-16F7-4668-BE54-9A1E7A4F7556}") = "Application", "Application\Application.csproj", "{39657AB3-87F0-4FE1-B652-81F6FF3B8137}"
EndProject
Project("{9A19103F-16F7-4668-BE54-9A1E7A4F7556}") = "Domain", "Domain\Domain.csproj", "{3E668776-2291-4076-851B-B955FA823732}"
EndProject
Project("{9A19103F-16F7-4668-BE54-9A1E7A4F7556}") = "Persistence", "Persistence\Persistence.csproj", "{959488A2-CE72-45FB-99A1-1C58231F21D9}"
EndProject
Project("{9A19103F-16F7-4668-BE54-9A1E7A4F7556}") = "ExpenseTrackerMVC", "ExpenseTrackerMVC\ExpenseTrackerMVC.csproj", "{C3BB8D52-4157-4C97-AF05-E0628A54C22E}"
EndProject
Project("{9A19103F-16F7-4668-BE54-9A1E7A4F7556}") = "ExpenseTrackerWebApi", "ExpenseTrackerWebApi\ExpenseTrackerWebApi.csproj", "{C57B9485-43CC-4D37-BDA2-EB622D1BC62A}"
EndProject
Project("{54A90642-561A-4BB1-A94E-469ADEE60C69}") = "expense-tracker-client-app", "expense-tracker-client-app\expense-tracker-client-app.esproj", "{2354E051-293B-4300-A38C-F813E52823FF}"
EndProject
Project("{9A19103F-16F7-4668-BE54-9A1E7A4F7556}") = "Identity", "Identity\Identity.csproj", "{E9F061CC-C4E2-4769-B077-927FB554F2DC}"
EndProject
Global
	GlobalSection(SolutionConfigurationPlatforms) = preSolution
		Debug|Any CPU = Debug|Any CPU
		Release|Any CPU = Release|Any CPU
	EndGlobalSection
	GlobalSection(ProjectConfigurationPlatforms) = postSolution
		{39657AB3-87F0-4FE1-B652-81F6FF3B8137}.Debug|Any CPU.ActiveCfg = Debug|Any CPU
		{39657AB3-87F0-4FE1-B652-81F6FF3B8137}.Debug|Any CPU.Build.0 = Debug|Any CPU
		{39657AB3-87F0-4FE1-B652-81F6FF3B8137}.Release|Any CPU.ActiveCfg = Release|Any CPU
		{39657AB3-87F0-4FE1-B652-81F6FF3B8137}.Release|Any CPU.Build.0 = Release|Any CPU
		{3E668776-2291-4076-851B-B955FA823732}.Debug|Any CPU.ActiveCfg = Debug|Any CPU
		{3E668776-2291-4076-851B-B955FA823732}.Debug|Any CPU.Build.0 = Debug|Any CPU
		{3E668776-2291-4076-851B-B955FA823732}.Release|Any CPU.ActiveCfg = Release|Any CPU
		{3E668776-2291-4076-851B-B955FA823732}.Release|Any CPU.Build.0 = Release|Any CPU
		{959488A2-CE72-45FB-99A1-1C58231F21D9}.Debug|Any CPU.ActiveCfg = Debug|Any CPU
		{959488A2-CE72-45FB-99A1-1C58231F21D9}.Debug|Any CPU.Build.0 = Debug|Any CPU
		{959488A2-CE72-45FB-99A1-1C58231F21D9}.Release|Any CPU.ActiveCfg = Release|Any CPU
		{959488A2-CE72-45FB-99A1-1C58231F21D9}.Release|Any CPU.Build.0 = Release|Any CPU
		{C3BB8D52-4157-4C97-AF05-E0628A54C22E}.Debug|Any CPU.ActiveCfg = Debug|Any CPU
		{C3BB8D52-4157-4C97-AF05-E0628A54C22E}.Debug|Any CPU.Build.0 = Debug|Any CPU
		{C3BB8D52-4157-4C97-AF05-E0628A54C22E}.Release|Any CPU.ActiveCfg = Release|Any CPU
		{C3BB8D52-4157-4C97-AF05-E0628A54C22E}.Release|Any CPU.Build.0 = Release|Any CPU
		{C57B9485-43CC-4D37-BDA2-EB622D1BC62A}.Debug|Any CPU.ActiveCfg = Debug|Any CPU
		{C57B9485-43CC-4D37-BDA2-EB622D1BC62A}.Debug|Any CPU.Build.0 = Debug|Any CPU
		{C57B9485-43CC-4D37-BDA2-EB622D1BC62A}.Release|Any CPU.ActiveCfg = Release|Any CPU
		{C57B9485-43CC-4D37-BDA2-EB622D1BC62A}.Release|Any CPU.Build.0 = Release|Any CPU
		{2354E051-293B-4300-A38C-F813E52823FF}.Debug|Any CPU.ActiveCfg = Debug|Any CPU
		{2354E051-293B-4300-A38C-F813E52823FF}.Debug|Any CPU.Build.0 = Debug|Any CPU
		{2354E051-293B-4300-A38C-F813E52823FF}.Debug|Any CPU.Deploy.0 = Debug|Any CPU
		{2354E051-293B-4300-A38C-F813E52823FF}.Release|Any CPU.ActiveCfg = Release|Any CPU
		{2354E051-293B-4300-A38C-F813E52823FF}.Release|Any CPU.Build.0 = Release|Any CPU
		{2354E051-293B-4300-A38C-F813E52823FF}.Release|Any CPU.Deploy.0 = Release|Any CPU
		{E9F061CC-C4E2-4769-B077-927FB554F2DC}.Debug|Any CPU.ActiveCfg = Debug|Any CPU
		{E9F061CC-C4E2-4769-B077-927FB554F2DC}.Debug|Any CPU.Build.0 = Debug|Any CPU
		{E9F061CC-C4E2-4769-B077-927FB554F2DC}.Release|Any CPU.ActiveCfg = Release|Any CPU
		{E9F061CC-C4E2-4769-B077-927FB554F2DC}.Release|Any CPU.Build.0 = Release|Any CPU
	EndGlobalSection
	GlobalSection(SolutionProperties) = preSolution
		HideSolutionNode = FALSE
	EndGlobalSection
	GlobalSection(NestedProjects) = preSolution
		{E3438DB7-9F79-4E96-8EE3-8E69704D7F46} = {1022BB24-B2AF-4C6F-866E-23CA6FC0F79B}
		{29396868-4F75-4914-A693-4721AF3EC1C7} = {1022BB24-B2AF-4C6F-866E-23CA6FC0F79B}
		{E6AE4CD4-7035-4D8C-A42C-BED236940A0C} = {1022BB24-B2AF-4C6F-866E-23CA6FC0F79B}
		{2E3725A6-4A01-420F-B2B5-4BB621BA8259} = {E3438DB7-9F79-4E96-8EE3-8E69704D7F46}
		{E27AF338-CA0B-42E3-9270-BEE80A863A62} = {E3438DB7-9F79-4E96-8EE3-8E69704D7F46}
		{26BF2E10-1DEB-4E5E-BBE0-B9E01F32DEE6} = {E3438DB7-9F79-4E96-8EE3-8E69704D7F46}
		{39657AB3-87F0-4FE1-B652-81F6FF3B8137} = {E6AE4CD4-7035-4D8C-A42C-BED236940A0C}
		{3E668776-2291-4076-851B-B955FA823732} = {E6AE4CD4-7035-4D8C-A42C-BED236940A0C}
		{959488A2-CE72-45FB-99A1-1C58231F21D9} = {29396868-4F75-4914-A693-4721AF3EC1C7}
		{C3BB8D52-4157-4C97-AF05-E0628A54C22E} = {E27AF338-CA0B-42E3-9270-BEE80A863A62}
		{C57B9485-43CC-4D37-BDA2-EB622D1BC62A} = {2E3725A6-4A01-420F-B2B5-4BB621BA8259}
		{2354E051-293B-4300-A38C-F813E52823FF} = {26BF2E10-1DEB-4E5E-BBE0-B9E01F32DEE6}
		{E9F061CC-C4E2-4769-B077-927FB554F2DC} = {29396868-4F75-4914-A693-4721AF3EC1C7}
	EndGlobalSection
	GlobalSection(ExtensibilityGlobals) = postSolution
		SolutionGuid = {CC0D649D-6CA5-4F39-BEE8-A6F6BC0D5A17}
	EndGlobalSection
EndGlobal
